// !$*UTF8*$!
{
	archiveVersion = 1;
	classes = {
	};
	objectVersion = 51;
	objects = {

/* Begin PBXBuildFile section */
		B147CAE4234FB3B7009DF2F9 /* AppDelegate.swift in Sources */ = {isa = PBXBuildFile; fileRef = B147CAE3234FB3B7009DF2F9 /* AppDelegate.swift */; };
		B147CAE6234FB3B7009DF2F9 /* SceneDelegate.swift in Sources */ = {isa = PBXBuildFile; fileRef = B147CAE5234FB3B7009DF2F9 /* SceneDelegate.swift */; };
		B147CAE8234FB3B7009DF2F9 /* ContentView.swift in Sources */ = {isa = PBXBuildFile; fileRef = B147CAE7234FB3B7009DF2F9 /* ContentView.swift */; };
		B147CAEA234FB3B9009DF2F9 /* Assets.xcassets in Resources */ = {isa = PBXBuildFile; fileRef = B147CAE9234FB3B9009DF2F9 /* Assets.xcassets */; };
		B147CAED234FB3B9009DF2F9 /* Preview Assets.xcassets in Resources */ = {isa = PBXBuildFile; fileRef = B147CAEC234FB3B9009DF2F9 /* Preview Assets.xcassets */; };
		B147CAF0234FB3B9009DF2F9 /* LaunchScreen.storyboard in Resources */ = {isa = PBXBuildFile; fileRef = B147CAEE234FB3B9009DF2F9 /* LaunchScreen.storyboard */; };
		B147CAFB234FB3BA009DF2F9 /* HeyThereTests.swift in Sources */ = {isa = PBXBuildFile; fileRef = B147CAFA234FB3BA009DF2F9 /* HeyThereTests.swift */; };
		B147CB06234FB3BA009DF2F9 /* HeyThereUITests.swift in Sources */ = {isa = PBXBuildFile; fileRef = B147CB05234FB3BA009DF2F9 /* HeyThereUITests.swift */; };
		B147CB19234FB45B009DF2F9 /* ChatViewController.swift in Sources */ = {isa = PBXBuildFile; fileRef = B147CB17234FB45B009DF2F9 /* ChatViewController.swift */; };
		B147CB1A234FB45B009DF2F9 /* ChatViewController.xib in Resources */ = {isa = PBXBuildFile; fileRef = B147CB18234FB45B009DF2F9 /* ChatViewController.xib */; };
		B147CB1D234FB46C009DF2F9 /* LoginViewController.swift in Sources */ = {isa = PBXBuildFile; fileRef = B147CB1B234FB46C009DF2F9 /* LoginViewController.swift */; };
		B147CB1E234FB46C009DF2F9 /* LoginViewController.xib in Resources */ = {isa = PBXBuildFile; fileRef = B147CB1C234FB46C009DF2F9 /* LoginViewController.xib */; };
		B147CB22234FB6F3009DF2F9 /* Message.swift in Sources */ = {isa = PBXBuildFile; fileRef = B147CB21234FB6F3009DF2F9 /* Message.swift */; };
		B147CB25234FD7F2009DF2F9 /* Conversation.swift in Sources */ = {isa = PBXBuildFile; fileRef = B147CB24234FD7F2009DF2F9 /* Conversation.swift */; };
		B147CB28234FD8EF009DF2F9 /* ChatRoomViewController.swift in Sources */ = {isa = PBXBuildFile; fileRef = B147CB26234FD8EF009DF2F9 /* ChatRoomViewController.swift */; };
		B147CB29234FD8EF009DF2F9 /* ChatRoomViewController.xib in Resources */ = {isa = PBXBuildFile; fileRef = B147CB27234FD8EF009DF2F9 /* ChatRoomViewController.xib */; };
		B147CB5A2350EA25009DF2F9 /* General.swift in Sources */ = {isa = PBXBuildFile; fileRef = B147CB592350EA25009DF2F9 /* General.swift */; };
		F45E35A692F965FEE2628888 /* Pods_HeyThereTests.framework in Frameworks */ = {isa = PBXBuildFile; fileRef = FA9538C32D6B832708BD0973 /* Pods_HeyThereTests.framework */; };
		F56E2B451A62896E7371E389 /* Pods_HeyThere.framework in Frameworks */ = {isa = PBXBuildFile; fileRef = 4926730252666A5E1F04490B /* Pods_HeyThere.framework */; };
		F8771E3A782B265B8B1EBB91 /* Pods_HeyThereUITests.framework in Frameworks */ = {isa = PBXBuildFile; fileRef = D4735CF2660C0818CB24B63B /* Pods_HeyThereUITests.framework */; };
/* End PBXBuildFile section */

/* Begin PBXContainerItemProxy section */
		B147CAF7234FB3BA009DF2F9 /* PBXContainerItemProxy */ = {
			isa = PBXContainerItemProxy;
			containerPortal = B147CAD8234FB3B7009DF2F9 /* Project object */;
			proxyType = 1;
			remoteGlobalIDString = B147CADF234FB3B7009DF2F9;
			remoteInfo = HeyThere;
		};
		B147CB02234FB3BA009DF2F9 /* PBXContainerItemProxy */ = {
			isa = PBXContainerItemProxy;
			containerPortal = B147CAD8234FB3B7009DF2F9 /* Project object */;
			proxyType = 1;
			remoteGlobalIDString = B147CADF234FB3B7009DF2F9;
			remoteInfo = HeyThere;
		};
/* End PBXContainerItemProxy section */

/* Begin PBXFileReference section */
		0C16288D3E0A30620613BDC9 /* Pods-HeyThereTests.debug.xcconfig */ = {isa = PBXFileReference; includeInIndex = 1; lastKnownFileType = text.xcconfig; name = "Pods-HeyThereTests.debug.xcconfig"; path = "Target Support Files/Pods-HeyThereTests/Pods-HeyThereTests.debug.xcconfig"; sourceTree = "<group>"; };
		1100F371F15B7B65155CD84B /* Pods-HeyThere.release.xcconfig */ = {isa = PBXFileReference; includeInIndex = 1; lastKnownFileType = text.xcconfig; name = "Pods-HeyThere.release.xcconfig"; path = "Target Support Files/Pods-HeyThere/Pods-HeyThere.release.xcconfig"; sourceTree = "<group>"; };
		123ED9AC7B8E3C117554B470 /* Pods-HeyThereUITests.debug.xcconfig */ = {isa = PBXFileReference; includeInIndex = 1; lastKnownFileType = text.xcconfig; name = "Pods-HeyThereUITests.debug.xcconfig"; path = "Target Support Files/Pods-HeyThereUITests/Pods-HeyThereUITests.debug.xcconfig"; sourceTree = "<group>"; };
		4926730252666A5E1F04490B /* Pods_HeyThere.framework */ = {isa = PBXFileReference; explicitFileType = wrapper.framework; includeInIndex = 0; path = Pods_HeyThere.framework; sourceTree = BUILT_PRODUCTS_DIR; };
		892581FC5367DA91F6AF9852 /* Pods-HeyThereUITests.release.xcconfig */ = {isa = PBXFileReference; includeInIndex = 1; lastKnownFileType = text.xcconfig; name = "Pods-HeyThereUITests.release.xcconfig"; path = "Target Support Files/Pods-HeyThereUITests/Pods-HeyThereUITests.release.xcconfig"; sourceTree = "<group>"; };
		B147CAE0234FB3B7009DF2F9 /* HeyThere.app */ = {isa = PBXFileReference; explicitFileType = wrapper.application; includeInIndex = 0; path = HeyThere.app; sourceTree = BUILT_PRODUCTS_DIR; };
		B147CAE3234FB3B7009DF2F9 /* AppDelegate.swift */ = {isa = PBXFileReference; lastKnownFileType = sourcecode.swift; path = AppDelegate.swift; sourceTree = "<group>"; };
		B147CAE5234FB3B7009DF2F9 /* SceneDelegate.swift */ = {isa = PBXFileReference; lastKnownFileType = sourcecode.swift; path = SceneDelegate.swift; sourceTree = "<group>"; };
		B147CAE7234FB3B7009DF2F9 /* ContentView.swift */ = {isa = PBXFileReference; lastKnownFileType = sourcecode.swift; path = ContentView.swift; sourceTree = "<group>"; };
		B147CAE9234FB3B9009DF2F9 /* Assets.xcassets */ = {isa = PBXFileReference; lastKnownFileType = folder.assetcatalog; path = Assets.xcassets; sourceTree = "<group>"; };
		B147CAEC234FB3B9009DF2F9 /* Preview Assets.xcassets */ = {isa = PBXFileReference; lastKnownFileType = folder.assetcatalog; path = "Preview Assets.xcassets"; sourceTree = "<group>"; };
		B147CAEF234FB3B9009DF2F9 /* Base */ = {isa = PBXFileReference; lastKnownFileType = file.storyboard; name = Base; path = Base.lproj/LaunchScreen.storyboard; sourceTree = "<group>"; };
		B147CAF1234FB3B9009DF2F9 /* Info.plist */ = {isa = PBXFileReference; lastKnownFileType = text.plist.xml; path = Info.plist; sourceTree = "<group>"; };
		B147CAF6234FB3BA009DF2F9 /* HeyThereTests.xctest */ = {isa = PBXFileReference; explicitFileType = wrapper.cfbundle; includeInIndex = 0; path = HeyThereTests.xctest; sourceTree = BUILT_PRODUCTS_DIR; };
		B147CAFA234FB3BA009DF2F9 /* HeyThereTests.swift */ = {isa = PBXFileReference; lastKnownFileType = sourcecode.swift; path = HeyThereTests.swift; sourceTree = "<group>"; };
		B147CAFC234FB3BA009DF2F9 /* Info.plist */ = {isa = PBXFileReference; lastKnownFileType = text.plist.xml; path = Info.plist; sourceTree = "<group>"; };
		B147CB01234FB3BA009DF2F9 /* HeyThereUITests.xctest */ = {isa = PBXFileReference; explicitFileType = wrapper.cfbundle; includeInIndex = 0; path = HeyThereUITests.xctest; sourceTree = BUILT_PRODUCTS_DIR; };
		B147CB05234FB3BA009DF2F9 /* HeyThereUITests.swift */ = {isa = PBXFileReference; lastKnownFileType = sourcecode.swift; path = HeyThereUITests.swift; sourceTree = "<group>"; };
		B147CB07234FB3BA009DF2F9 /* Info.plist */ = {isa = PBXFileReference; lastKnownFileType = text.plist.xml; path = Info.plist; sourceTree = "<group>"; };
		B147CB17234FB45B009DF2F9 /* ChatViewController.swift */ = {isa = PBXFileReference; lastKnownFileType = sourcecode.swift; path = ChatViewController.swift; sourceTree = "<group>"; };
		B147CB18234FB45B009DF2F9 /* ChatViewController.xib */ = {isa = PBXFileReference; lastKnownFileType = file.xib; path = ChatViewController.xib; sourceTree = "<group>"; };
		B147CB1B234FB46C009DF2F9 /* LoginViewController.swift */ = {isa = PBXFileReference; lastKnownFileType = sourcecode.swift; path = LoginViewController.swift; sourceTree = "<group>"; };
		B147CB1C234FB46C009DF2F9 /* LoginViewController.xib */ = {isa = PBXFileReference; lastKnownFileType = file.xib; path = LoginViewController.xib; sourceTree = "<group>"; };
		B147CB21234FB6F3009DF2F9 /* Message.swift */ = {isa = PBXFileReference; lastKnownFileType = sourcecode.swift; path = Message.swift; sourceTree = "<group>"; };
		B147CB24234FD7F2009DF2F9 /* Conversation.swift */ = {isa = PBXFileReference; lastKnownFileType = sourcecode.swift; path = Conversation.swift; sourceTree = "<group>"; };
		B147CB26234FD8EF009DF2F9 /* ChatRoomViewController.swift */ = {isa = PBXFileReference; lastKnownFileType = sourcecode.swift; path = ChatRoomViewController.swift; sourceTree = "<group>"; };
		B147CB27234FD8EF009DF2F9 /* ChatRoomViewController.xib */ = {isa = PBXFileReference; lastKnownFileType = file.xib; path = ChatRoomViewController.xib; sourceTree = "<group>"; };
		B147CB592350EA25009DF2F9 /* General.swift */ = {isa = PBXFileReference; lastKnownFileType = sourcecode.swift; path = General.swift; sourceTree = "<group>"; };
		B2B270BEFA5E70FE0C159F16 /* Pods-HeyThere.debug.xcconfig */ = {isa = PBXFileReference; includeInIndex = 1; lastKnownFileType = text.xcconfig; name = "Pods-HeyThere.debug.xcconfig"; path = "Target Support Files/Pods-HeyThere/Pods-HeyThere.debug.xcconfig"; sourceTree = "<group>"; };
		D4735CF2660C0818CB24B63B /* Pods_HeyThereUITests.framework */ = {isa = PBXFileReference; explicitFileType = wrapper.framework; includeInIndex = 0; path = Pods_HeyThereUITests.framework; sourceTree = BUILT_PRODUCTS_DIR; };
		FA043AB513B925CF58102FFB /* Pods-HeyThereTests.release.xcconfig */ = {isa = PBXFileReference; includeInIndex = 1; lastKnownFileType = text.xcconfig; name = "Pods-HeyThereTests.release.xcconfig"; path = "Target Support Files/Pods-HeyThereTests/Pods-HeyThereTests.release.xcconfig"; sourceTree = "<group>"; };
		FA9538C32D6B832708BD0973 /* Pods_HeyThereTests.framework */ = {isa = PBXFileReference; explicitFileType = wrapper.framework; includeInIndex = 0; path = Pods_HeyThereTests.framework; sourceTree = BUILT_PRODUCTS_DIR; };
/* End PBXFileReference section */

/* Begin PBXFrameworksBuildPhase section */
		B147CADD234FB3B7009DF2F9 /* Frameworks */ = {
			isa = PBXFrameworksBuildPhase;
			buildActionMask = 2147483647;
			files = (
				F56E2B451A62896E7371E389 /* Pods_HeyThere.framework in Frameworks */,
			);
			runOnlyForDeploymentPostprocessing = 0;
		};
		B147CAF3234FB3BA009DF2F9 /* Frameworks */ = {
			isa = PBXFrameworksBuildPhase;
			buildActionMask = 2147483647;
			files = (
				F45E35A692F965FEE2628888 /* Pods_HeyThereTests.framework in Frameworks */,
			);
			runOnlyForDeploymentPostprocessing = 0;
		};
		B147CAFE234FB3BA009DF2F9 /* Frameworks */ = {
			isa = PBXFrameworksBuildPhase;
			buildActionMask = 2147483647;
			files = (
				F8771E3A782B265B8B1EBB91 /* Pods_HeyThereUITests.framework in Frameworks */,
			);
			runOnlyForDeploymentPostprocessing = 0;
		};
/* End PBXFrameworksBuildPhase section */

/* Begin PBXGroup section */
		08DE4D1F426D303336089E13 /* Frameworks */ = {
			isa = PBXGroup;
			children = (
				4926730252666A5E1F04490B /* Pods_HeyThere.framework */,
				FA9538C32D6B832708BD0973 /* Pods_HeyThereTests.framework */,
				D4735CF2660C0818CB24B63B /* Pods_HeyThereUITests.framework */,
			);
			name = Frameworks;
			sourceTree = "<group>";
		};
		1E3730CDF14AC3FFB8B87926 /* Pods */ = {
			isa = PBXGroup;
			children = (
				B2B270BEFA5E70FE0C159F16 /* Pods-HeyThere.debug.xcconfig */,
				1100F371F15B7B65155CD84B /* Pods-HeyThere.release.xcconfig */,
				0C16288D3E0A30620613BDC9 /* Pods-HeyThereTests.debug.xcconfig */,
				FA043AB513B925CF58102FFB /* Pods-HeyThereTests.release.xcconfig */,
				123ED9AC7B8E3C117554B470 /* Pods-HeyThereUITests.debug.xcconfig */,
				892581FC5367DA91F6AF9852 /* Pods-HeyThereUITests.release.xcconfig */,
			);
			path = Pods;
			sourceTree = "<group>";
		};
		B147CAD7234FB3B7009DF2F9 = {
			isa = PBXGroup;
			children = (
				B147CAE2234FB3B7009DF2F9 /* HeyThere */,
				B147CAF9234FB3BA009DF2F9 /* HeyThereTests */,
				B147CB04234FB3BA009DF2F9 /* HeyThereUITests */,
				B147CAE1234FB3B7009DF2F9 /* Products */,
				1E3730CDF14AC3FFB8B87926 /* Pods */,
				08DE4D1F426D303336089E13 /* Frameworks */,
			);
			sourceTree = "<group>";
		};
		B147CAE1234FB3B7009DF2F9 /* Products */ = {
			isa = PBXGroup;
			children = (
				B147CAE0234FB3B7009DF2F9 /* HeyThere.app */,
				B147CAF6234FB3BA009DF2F9 /* HeyThereTests.xctest */,
				B147CB01234FB3BA009DF2F9 /* HeyThereUITests.xctest */,
			);
			name = Products;
			sourceTree = "<group>";
		};
		B147CAE2234FB3B7009DF2F9 /* HeyThere */ = {
			isa = PBXGroup;
			children = (
				B147CB542350E94D009DF2F9 /* Data */,
				B147CB23234FD7D0009DF2F9 /* Models */,
				B147CB13234FB3F5009DF2F9 /* View Controllers */,
				B147CAE3234FB3B7009DF2F9 /* AppDelegate.swift */,
				B147CAE5234FB3B7009DF2F9 /* SceneDelegate.swift */,
				B147CAE7234FB3B7009DF2F9 /* ContentView.swift */,
				B147CAE9234FB3B9009DF2F9 /* Assets.xcassets */,
				B147CAEE234FB3B9009DF2F9 /* LaunchScreen.storyboard */,
				B147CAF1234FB3B9009DF2F9 /* Info.plist */,
				B147CAEB234FB3B9009DF2F9 /* Preview Content */,
			);
			path = HeyThere;
			sourceTree = "<group>";
		};
		B147CAEB234FB3B9009DF2F9 /* Preview Content */ = {
			isa = PBXGroup;
			children = (
				B147CAEC234FB3B9009DF2F9 /* Preview Assets.xcassets */,
			);
			path = "Preview Content";
			sourceTree = "<group>";
		};
		B147CAF9234FB3BA009DF2F9 /* HeyThereTests */ = {
			isa = PBXGroup;
			children = (
				B147CAFA234FB3BA009DF2F9 /* HeyThereTests.swift */,
				B147CAFC234FB3BA009DF2F9 /* Info.plist */,
			);
			path = HeyThereTests;
			sourceTree = "<group>";
		};
		B147CB04234FB3BA009DF2F9 /* HeyThereUITests */ = {
			isa = PBXGroup;
			children = (
				B147CB05234FB3BA009DF2F9 /* HeyThereUITests.swift */,
				B147CB07234FB3BA009DF2F9 /* Info.plist */,
			);
			path = HeyThereUITests;
			sourceTree = "<group>";
		};
		B147CB13234FB3F5009DF2F9 /* View Controllers */ = {
			isa = PBXGroup;
			children = (
				B147CB16234FB41D009DF2F9 /* ChatRoom */,
				B147CB15234FB417009DF2F9 /* Login */,
				B147CB14234FB40E009DF2F9 /* Chat */,
			);
			path = "View Controllers";
			sourceTree = "<group>";
		};
		B147CB14234FB40E009DF2F9 /* Chat */ = {
			isa = PBXGroup;
			children = (
				B147CB17234FB45B009DF2F9 /* ChatViewController.swift */,
				B147CB18234FB45B009DF2F9 /* ChatViewController.xib */,
			);
			path = Chat;
			sourceTree = "<group>";
		};
		B147CB15234FB417009DF2F9 /* Login */ = {
			isa = PBXGroup;
			children = (
				B147CB1B234FB46C009DF2F9 /* LoginViewController.swift */,
				B147CB1C234FB46C009DF2F9 /* LoginViewController.xib */,
			);
			path = Login;
			sourceTree = "<group>";
		};
		B147CB16234FB41D009DF2F9 /* ChatRoom */ = {
			isa = PBXGroup;
			children = (
				B147CB26234FD8EF009DF2F9 /* ChatRoomViewController.swift */,
				B147CB27234FD8EF009DF2F9 /* ChatRoomViewController.xib */,
			);
			path = ChatRoom;
			sourceTree = "<group>";
		};
		B147CB23234FD7D0009DF2F9 /* Models */ = {
			isa = PBXGroup;
			children = (
				B147CB21234FB6F3009DF2F9 /* Message.swift */,
				B147CB24234FD7F2009DF2F9 /* Conversation.swift */,
			);
			path = Models;
			sourceTree = "<group>";
		};
		B147CB542350E94D009DF2F9 /* Data */ = {
			isa = PBXGroup;
			children = (
				B147CB592350EA25009DF2F9 /* General.swift */,
			);
			path = Data;
			sourceTree = "<group>";
		};
/* End PBXGroup section */

/* Begin PBXNativeTarget section */
		B147CADF234FB3B7009DF2F9 /* HeyThere */ = {
			isa = PBXNativeTarget;
			buildConfigurationList = B147CB0A234FB3BA009DF2F9 /* Build configuration list for PBXNativeTarget "HeyThere" */;
			buildPhases = (
				7F2B99AC9DCCE0B5562B9DD6 /* [CP] Check Pods Manifest.lock */,
				B147CADC234FB3B7009DF2F9 /* Sources */,
				B147CADD234FB3B7009DF2F9 /* Frameworks */,
				B147CADE234FB3B7009DF2F9 /* Resources */,
				765D99D5C3C6AC9CD9DBDC33 /* [CP] Embed Pods Frameworks */,
			);
			buildRules = (
			);
			dependencies = (
			);
			name = HeyThere;
			productName = HeyThere;
			productReference = B147CAE0234FB3B7009DF2F9 /* HeyThere.app */;
			productType = "com.apple.product-type.application";
		};
		B147CAF5234FB3BA009DF2F9 /* HeyThereTests */ = {
			isa = PBXNativeTarget;
			buildConfigurationList = B147CB0D234FB3BA009DF2F9 /* Build configuration list for PBXNativeTarget "HeyThereTests" */;
			buildPhases = (
				512054B3AAA77C242C57DEA2 /* [CP] Check Pods Manifest.lock */,
				B147CAF2234FB3BA009DF2F9 /* Sources */,
				B147CAF3234FB3BA009DF2F9 /* Frameworks */,
				B147CAF4234FB3BA009DF2F9 /* Resources */,
			);
			buildRules = (
			);
			dependencies = (
				B147CAF8234FB3BA009DF2F9 /* PBXTargetDependency */,
			);
			name = HeyThereTests;
			productName = HeyThereTests;
			productReference = B147CAF6234FB3BA009DF2F9 /* HeyThereTests.xctest */;
			productType = "com.apple.product-type.bundle.unit-test";
		};
		B147CB00234FB3BA009DF2F9 /* HeyThereUITests */ = {
			isa = PBXNativeTarget;
			buildConfigurationList = B147CB10234FB3BA009DF2F9 /* Build configuration list for PBXNativeTarget "HeyThereUITests" */;
			buildPhases = (
				D62AEBB452640B0705558464 /* [CP] Check Pods Manifest.lock */,
				B147CAFD234FB3BA009DF2F9 /* Sources */,
				B147CAFE234FB3BA009DF2F9 /* Frameworks */,
				B147CAFF234FB3BA009DF2F9 /* Resources */,
			);
			buildRules = (
			);
			dependencies = (
				B147CB03234FB3BA009DF2F9 /* PBXTargetDependency */,
			);
			name = HeyThereUITests;
			productName = HeyThereUITests;
			productReference = B147CB01234FB3BA009DF2F9 /* HeyThereUITests.xctest */;
			productType = "com.apple.product-type.bundle.ui-testing";
		};
/* End PBXNativeTarget section */

/* Begin PBXProject section */
		B147CAD8234FB3B7009DF2F9 /* Project object */ = {
			isa = PBXProject;
			attributes = {
				LastSwiftUpdateCheck = 1100;
				LastUpgradeCheck = 1100;
				ORGANIZATIONNAME = "Silvana Garcia";
				TargetAttributes = {
					B147CADF234FB3B7009DF2F9 = {
						CreatedOnToolsVersion = 11.0;
					};
					B147CAF5234FB3BA009DF2F9 = {
						CreatedOnToolsVersion = 11.0;
						TestTargetID = B147CADF234FB3B7009DF2F9;
					};
					B147CB00234FB3BA009DF2F9 = {
						CreatedOnToolsVersion = 11.0;
						TestTargetID = B147CADF234FB3B7009DF2F9;
					};
				};
			};
			buildConfigurationList = B147CADB234FB3B7009DF2F9 /* Build configuration list for PBXProject "HeyThere" */;
			compatibilityVersion = "Xcode 9.3";
			developmentRegion = en;
			hasScannedForEncodings = 0;
			knownRegions = (
				en,
				Base,
			);
			mainGroup = B147CAD7234FB3B7009DF2F9;
			productRefGroup = B147CAE1234FB3B7009DF2F9 /* Products */;
			projectDirPath = "";
			projectRoot = "";
			targets = (
				B147CADF234FB3B7009DF2F9 /* HeyThere */,
				B147CAF5234FB3BA009DF2F9 /* HeyThereTests */,
				B147CB00234FB3BA009DF2F9 /* HeyThereUITests */,
			);
		};
/* End PBXProject section */

/* Begin PBXResourcesBuildPhase section */
		B147CADE234FB3B7009DF2F9 /* Resources */ = {
			isa = PBXResourcesBuildPhase;
			buildActionMask = 2147483647;
			files = (
				B147CB1E234FB46C009DF2F9 /* LoginViewController.xib in Resources */,
				B147CAF0234FB3B9009DF2F9 /* LaunchScreen.storyboard in Resources */,
				B147CAED234FB3B9009DF2F9 /* Preview Assets.xcassets in Resources */,
				B147CB1A234FB45B009DF2F9 /* ChatViewController.xib in Resources */,
				B147CAEA234FB3B9009DF2F9 /* Assets.xcassets in Resources */,
				B147CB29234FD8EF009DF2F9 /* ChatRoomViewController.xib in Resources */,
			);
			runOnlyForDeploymentPostprocessing = 0;
		};
		B147CAF4234FB3BA009DF2F9 /* Resources */ = {
			isa = PBXResourcesBuildPhase;
			buildActionMask = 2147483647;
			files = (
			);
			runOnlyForDeploymentPostprocessing = 0;
		};
		B147CAFF234FB3BA009DF2F9 /* Resources */ = {
			isa = PBXResourcesBuildPhase;
			buildActionMask = 2147483647;
			files = (
			);
			runOnlyForDeploymentPostprocessing = 0;
		};
/* End PBXResourcesBuildPhase section */

/* Begin PBXShellScriptBuildPhase section */
		512054B3AAA77C242C57DEA2 /* [CP] Check Pods Manifest.lock */ = {
			isa = PBXShellScriptBuildPhase;
			buildActionMask = 2147483647;
			files = (
			);
			inputFileListPaths = (
			);
			inputPaths = (
				"${PODS_PODFILE_DIR_PATH}/Podfile.lock",
				"${PODS_ROOT}/Manifest.lock",
			);
			name = "[CP] Check Pods Manifest.lock";
			outputFileListPaths = (
			);
			outputPaths = (
				"$(DERIVED_FILE_DIR)/Pods-HeyThereTests-checkManifestLockResult.txt",
			);
			runOnlyForDeploymentPostprocessing = 0;
			shellPath = /bin/sh;
			shellScript = "diff \"${PODS_PODFILE_DIR_PATH}/Podfile.lock\" \"${PODS_ROOT}/Manifest.lock\" > /dev/null\nif [ $? != 0 ] ; then\n    # print error to STDERR\n    echo \"error: The sandbox is not in sync with the Podfile.lock. Run 'pod install' or update your CocoaPods installation.\" >&2\n    exit 1\nfi\n# This output is used by Xcode 'outputs' to avoid re-running this script phase.\necho \"SUCCESS\" > \"${SCRIPT_OUTPUT_FILE_0}\"\n";
			showEnvVarsInLog = 0;
		};
		765D99D5C3C6AC9CD9DBDC33 /* [CP] Embed Pods Frameworks */ = {
			isa = PBXShellScriptBuildPhase;
			buildActionMask = 2147483647;
			files = (
			);
			inputFileListPaths = (
				"${PODS_ROOT}/Target Support Files/Pods-HeyThere/Pods-HeyThere-frameworks-${CONFIGURATION}-input-files.xcfilelist",
			);
			name = "[CP] Embed Pods Frameworks";
			outputFileListPaths = (
				"${PODS_ROOT}/Target Support Files/Pods-HeyThere/Pods-HeyThere-frameworks-${CONFIGURATION}-output-files.xcfilelist",
			);
			runOnlyForDeploymentPostprocessing = 0;
			shellPath = /bin/sh;
			shellScript = "\"${PODS_ROOT}/Target Support Files/Pods-HeyThere/Pods-HeyThere-frameworks.sh\"\n";
			showEnvVarsInLog = 0;
		};
		7F2B99AC9DCCE0B5562B9DD6 /* [CP] Check Pods Manifest.lock */ = {
			isa = PBXShellScriptBuildPhase;
			buildActionMask = 2147483647;
			files = (
			);
			inputFileListPaths = (
			);
			inputPaths = (
				"${PODS_PODFILE_DIR_PATH}/Podfile.lock",
				"${PODS_ROOT}/Manifest.lock",
			);
			name = "[CP] Check Pods Manifest.lock";
			outputFileListPaths = (
			);
			outputPaths = (
				"$(DERIVED_FILE_DIR)/Pods-HeyThere-checkManifestLockResult.txt",
			);
			runOnlyForDeploymentPostprocessing = 0;
			shellPath = /bin/sh;
			shellScript = "diff \"${PODS_PODFILE_DIR_PATH}/Podfile.lock\" \"${PODS_ROOT}/Manifest.lock\" > /dev/null\nif [ $? != 0 ] ; then\n    # print error to STDERR\n    echo \"error: The sandbox is not in sync with the Podfile.lock. Run 'pod install' or update your CocoaPods installation.\" >&2\n    exit 1\nfi\n# This output is used by Xcode 'outputs' to avoid re-running this script phase.\necho \"SUCCESS\" > \"${SCRIPT_OUTPUT_FILE_0}\"\n";
			showEnvVarsInLog = 0;
		};
		D62AEBB452640B0705558464 /* [CP] Check Pods Manifest.lock */ = {
			isa = PBXShellScriptBuildPhase;
			buildActionMask = 2147483647;
			files = (
			);
			inputFileListPaths = (
			);
			inputPaths = (
				"${PODS_PODFILE_DIR_PATH}/Podfile.lock",
				"${PODS_ROOT}/Manifest.lock",
			);
			name = "[CP] Check Pods Manifest.lock";
			outputFileListPaths = (
			);
			outputPaths = (
				"$(DERIVED_FILE_DIR)/Pods-HeyThereUITests-checkManifestLockResult.txt",
			);
			runOnlyForDeploymentPostprocessing = 0;
			shellPath = /bin/sh;
			shellScript = "diff \"${PODS_PODFILE_DIR_PATH}/Podfile.lock\" \"${PODS_ROOT}/Manifest.lock\" > /dev/null\nif [ $? != 0 ] ; then\n    # print error to STDERR\n    echo \"error: The sandbox is not in sync with the Podfile.lock. Run 'pod install' or update your CocoaPods installation.\" >&2\n    exit 1\nfi\n# This output is used by Xcode 'outputs' to avoid re-running this script phase.\necho \"SUCCESS\" > \"${SCRIPT_OUTPUT_FILE_0}\"\n";
			showEnvVarsInLog = 0;
		};
/* End PBXShellScriptBuildPhase section */

/* Begin PBXSourcesBuildPhase section */
		B147CADC234FB3B7009DF2F9 /* Sources */ = {
			isa = PBXSourcesBuildPhase;
			buildActionMask = 2147483647;
			files = (
				B147CAE4234FB3B7009DF2F9 /* AppDelegate.swift in Sources */,
				B147CAE6234FB3B7009DF2F9 /* SceneDelegate.swift in Sources */,
				B147CB19234FB45B009DF2F9 /* ChatViewController.swift in Sources */,
				B147CB5A2350EA25009DF2F9 /* General.swift in Sources */,
				B147CB28234FD8EF009DF2F9 /* ChatRoomViewController.swift in Sources */,
				B147CB1D234FB46C009DF2F9 /* LoginViewController.swift in Sources */,
				B147CAE8234FB3B7009DF2F9 /* ContentView.swift in Sources */,
				B147CB25234FD7F2009DF2F9 /* Conversation.swift in Sources */,
				B147CB22234FB6F3009DF2F9 /* Message.swift in Sources */,
			);
			runOnlyForDeploymentPostprocessing = 0;
		};
		B147CAF2234FB3BA009DF2F9 /* Sources */ = {
			isa = PBXSourcesBuildPhase;
			buildActionMask = 2147483647;
			files = (
				B147CAFB234FB3BA009DF2F9 /* HeyThereTests.swift in Sources */,
			);
			runOnlyForDeploymentPostprocessing = 0;
		};
		B147CAFD234FB3BA009DF2F9 /* Sources */ = {
			isa = PBXSourcesBuildPhase;
			buildActionMask = 2147483647;
			files = (
				B147CB06234FB3BA009DF2F9 /* HeyThereUITests.swift in Sources */,
			);
			runOnlyForDeploymentPostprocessing = 0;
		};
/* End PBXSourcesBuildPhase section */

/* Begin PBXTargetDependency section */
		B147CAF8234FB3BA009DF2F9 /* PBXTargetDependency */ = {
			isa = PBXTargetDependency;
			target = B147CADF234FB3B7009DF2F9 /* HeyThere */;
			targetProxy = B147CAF7234FB3BA009DF2F9 /* PBXContainerItemProxy */;
		};
		B147CB03234FB3BA009DF2F9 /* PBXTargetDependency */ = {
			isa = PBXTargetDependency;
			target = B147CADF234FB3B7009DF2F9 /* HeyThere */;
			targetProxy = B147CB02234FB3BA009DF2F9 /* PBXContainerItemProxy */;
		};
/* End PBXTargetDependency section */

/* Begin PBXVariantGroup section */
		B147CAEE234FB3B9009DF2F9 /* LaunchScreen.storyboard */ = {
			isa = PBXVariantGroup;
			children = (
				B147CAEF234FB3B9009DF2F9 /* Base */,
			);
			name = LaunchScreen.storyboard;
			sourceTree = "<group>";
		};
/* End PBXVariantGroup section */

/* Begin XCBuildConfiguration section */
		B147CB08234FB3BA009DF2F9 /* Debug */ = {
			isa = XCBuildConfiguration;
			buildSettings = {
				ALWAYS_SEARCH_USER_PATHS = NO;
				CLANG_ANALYZER_NONNULL = YES;
				CLANG_ANALYZER_NUMBER_OBJECT_CONVERSION = YES_AGGRESSIVE;
				CLANG_CXX_LANGUAGE_STANDARD = "gnu++14";
				CLANG_CXX_LIBRARY = "libc++";
				CLANG_ENABLE_MODULES = YES;
				CLANG_ENABLE_OBJC_ARC = YES;
				CLANG_ENABLE_OBJC_WEAK = YES;
				CLANG_WARN_BLOCK_CAPTURE_AUTORELEASING = YES;
				CLANG_WARN_BOOL_CONVERSION = YES;
				CLANG_WARN_COMMA = YES;
				CLANG_WARN_CONSTANT_CONVERSION = YES;
				CLANG_WARN_DEPRECATED_OBJC_IMPLEMENTATIONS = YES;
				CLANG_WARN_DIRECT_OBJC_ISA_USAGE = YES_ERROR;
				CLANG_WARN_DOCUMENTATION_COMMENTS = YES;
				CLANG_WARN_EMPTY_BODY = YES;
				CLANG_WARN_ENUM_CONVERSION = YES;
				CLANG_WARN_INFINITE_RECURSION = YES;
				CLANG_WARN_INT_CONVERSION = YES;
				CLANG_WARN_NON_LITERAL_NULL_CONVERSION = YES;
				CLANG_WARN_OBJC_IMPLICIT_RETAIN_SELF = YES;
				CLANG_WARN_OBJC_LITERAL_CONVERSION = YES;
				CLANG_WARN_OBJC_ROOT_CLASS = YES_ERROR;
				CLANG_WARN_RANGE_LOOP_ANALYSIS = YES;
				CLANG_WARN_STRICT_PROTOTYPES = YES;
				CLANG_WARN_SUSPICIOUS_MOVE = YES;
				CLANG_WARN_UNGUARDED_AVAILABILITY = YES_AGGRESSIVE;
				CLANG_WARN_UNREACHABLE_CODE = YES;
				CLANG_WARN__DUPLICATE_METHOD_MATCH = YES;
				COPY_PHASE_STRIP = NO;
				DEBUG_INFORMATION_FORMAT = dwarf;
				ENABLE_STRICT_OBJC_MSGSEND = YES;
				ENABLE_TESTABILITY = YES;
				GCC_C_LANGUAGE_STANDARD = gnu11;
				GCC_DYNAMIC_NO_PIC = NO;
				GCC_NO_COMMON_BLOCKS = YES;
				GCC_OPTIMIZATION_LEVEL = 0;
				GCC_PREPROCESSOR_DEFINITIONS = (
					"DEBUG=1",
					"$(inherited)",
				);
				GCC_WARN_64_TO_32_BIT_CONVERSION = YES;
				GCC_WARN_ABOUT_RETURN_TYPE = YES_ERROR;
				GCC_WARN_UNDECLARED_SELECTOR = YES;
				GCC_WARN_UNINITIALIZED_AUTOS = YES_AGGRESSIVE;
				GCC_WARN_UNUSED_FUNCTION = YES;
				GCC_WARN_UNUSED_VARIABLE = YES;
				IPHONEOS_DEPLOYMENT_TARGET = 13.0;
				MTL_ENABLE_DEBUG_INFO = INCLUDE_SOURCE;
				MTL_FAST_MATH = YES;
				ONLY_ACTIVE_ARCH = YES;
				SDKROOT = iphoneos;
				SWIFT_ACTIVE_COMPILATION_CONDITIONS = DEBUG;
				SWIFT_OPTIMIZATION_LEVEL = "-Onone";
			};
			name = Debug;
		};
		B147CB09234FB3BA009DF2F9 /* Release */ = {
			isa = XCBuildConfiguration;
			buildSettings = {
				ALWAYS_SEARCH_USER_PATHS = NO;
				CLANG_ANALYZER_NONNULL = YES;
				CLANG_ANALYZER_NUMBER_OBJECT_CONVERSION = YES_AGGRESSIVE;
				CLANG_CXX_LANGUAGE_STANDARD = "gnu++14";
				CLANG_CXX_LIBRARY = "libc++";
				CLANG_ENABLE_MODULES = YES;
				CLANG_ENABLE_OBJC_ARC = YES;
				CLANG_ENABLE_OBJC_WEAK = YES;
				CLANG_WARN_BLOCK_CAPTURE_AUTORELEASING = YES;
				CLANG_WARN_BOOL_CONVERSION = YES;
				CLANG_WARN_COMMA = YES;
				CLANG_WARN_CONSTANT_CONVERSION = YES;
				CLANG_WARN_DEPRECATED_OBJC_IMPLEMENTATIONS = YES;
				CLANG_WARN_DIRECT_OBJC_ISA_USAGE = YES_ERROR;
				CLANG_WARN_DOCUMENTATION_COMMENTS = YES;
				CLANG_WARN_EMPTY_BODY = YES;
				CLANG_WARN_ENUM_CONVERSION = YES;
				CLANG_WARN_INFINITE_RECURSION = YES;
				CLANG_WARN_INT_CONVERSION = YES;
				CLANG_WARN_NON_LITERAL_NULL_CONVERSION = YES;
				CLANG_WARN_OBJC_IMPLICIT_RETAIN_SELF = YES;
				CLANG_WARN_OBJC_LITERAL_CONVERSION = YES;
				CLANG_WARN_OBJC_ROOT_CLASS = YES_ERROR;
				CLANG_WARN_RANGE_LOOP_ANALYSIS = YES;
				CLANG_WARN_STRICT_PROTOTYPES = YES;
				CLANG_WARN_SUSPICIOUS_MOVE = YES;
				CLANG_WARN_UNGUARDED_AVAILABILITY = YES_AGGRESSIVE;
				CLANG_WARN_UNREACHABLE_CODE = YES;
				CLANG_WARN__DUPLICATE_METHOD_MATCH = YES;
				COPY_PHASE_STRIP = NO;
				DEBUG_INFORMATION_FORMAT = "dwarf-with-dsym";
				ENABLE_NS_ASSERTIONS = NO;
				ENABLE_STRICT_OBJC_MSGSEND = YES;
				GCC_C_LANGUAGE_STANDARD = gnu11;
				GCC_NO_COMMON_BLOCKS = YES;
				GCC_WARN_64_TO_32_BIT_CONVERSION = YES;
				GCC_WARN_ABOUT_RETURN_TYPE = YES_ERROR;
				GCC_WARN_UNDECLARED_SELECTOR = YES;
				GCC_WARN_UNINITIALIZED_AUTOS = YES_AGGRESSIVE;
				GCC_WARN_UNUSED_FUNCTION = YES;
				GCC_WARN_UNUSED_VARIABLE = YES;
				IPHONEOS_DEPLOYMENT_TARGET = 13.0;
				MTL_ENABLE_DEBUG_INFO = NO;
				MTL_FAST_MATH = YES;
				SDKROOT = iphoneos;
				SWIFT_COMPILATION_MODE = wholemodule;
				SWIFT_OPTIMIZATION_LEVEL = "-O";
				VALIDATE_PRODUCT = YES;
			};
			name = Release;
		};
		B147CB0B234FB3BA009DF2F9 /* Debug */ = {
			isa = XCBuildConfiguration;
			baseConfigurationReference = B2B270BEFA5E70FE0C159F16 /* Pods-HeyThere.debug.xcconfig */;
			buildSettings = {
				ASSETCATALOG_COMPILER_APPICON_NAME = AppIcon;
				CODE_SIGN_STYLE = Automatic;
				DEVELOPMENT_ASSET_PATHS = "\"HeyThere/Preview Content\"";
				DEVELOPMENT_TEAM = 3EGKJKCC3E;
				ENABLE_PREVIEWS = YES;
				INFOPLIST_FILE = HeyThere/Info.plist;
				LD_RUNPATH_SEARCH_PATHS = (
					"$(inherited)",
					"@executable_path/Frameworks",
				);
				PRODUCT_BUNDLE_IDENTIFIER = silvanagarcia.HeyThere;
				PRODUCT_NAME = "$(TARGET_NAME)";
				SWIFT_VERSION = 5.0;
				TARGETED_DEVICE_FAMILY = "1,2";
			};
			name = Debug;
		};
		B147CB0C234FB3BA009DF2F9 /* Release */ = {
			isa = XCBuildConfiguration;
			baseConfigurationReference = 1100F371F15B7B65155CD84B /* Pods-HeyThere.release.xcconfig */;
			buildSettings = {
				ASSETCATALOG_COMPILER_APPICON_NAME = AppIcon;
				CODE_SIGN_STYLE = Automatic;
				DEVELOPMENT_ASSET_PATHS = "\"HeyThere/Preview Content\"";
				DEVELOPMENT_TEAM = 3EGKJKCC3E;
				ENABLE_PREVIEWS = YES;
				INFOPLIST_FILE = HeyThere/Info.plist;
				LD_RUNPATH_SEARCH_PATHS = (
					"$(inherited)",
					"@executable_path/Frameworks",
				);
				PRODUCT_BUNDLE_IDENTIFIER = silvanagarcia.HeyThere;
				PRODUCT_NAME = "$(TARGET_NAME)";
				SWIFT_VERSION = 5.0;
				TARGETED_DEVICE_FAMILY = "1,2";
			};
			name = Release;
		};
		B147CB0E234FB3BA009DF2F9 /* Debug */ = {
			isa = XCBuildConfiguration;
			baseConfigurationReference = 0C16288D3E0A30620613BDC9 /* Pods-HeyThereTests.debug.xcconfig */;
			buildSettings = {
				ALWAYS_EMBED_SWIFT_STANDARD_LIBRARIES = YES;
				BUNDLE_LOADER = "$(TEST_HOST)";
				CODE_SIGN_STYLE = Automatic;
				DEVELOPMENT_TEAM = 3EGKJKCC3E;
				INFOPLIST_FILE = HeyThereTests/Info.plist;
				IPHONEOS_DEPLOYMENT_TARGET = 13.0;
				LD_RUNPATH_SEARCH_PATHS = (
					"$(inherited)",
					"@executable_path/Frameworks",
					"@loader_path/Frameworks",
				);
				PRODUCT_BUNDLE_IDENTIFIER = silvanagarcia.HeyThereTests;
				PRODUCT_NAME = "$(TARGET_NAME)";
				SWIFT_VERSION = 5.0;
				TARGETED_DEVICE_FAMILY = "1,2";
				TEST_HOST = "$(BUILT_PRODUCTS_DIR)/HeyThere.app/HeyThere";
			};
			name = Debug;
		};
		B147CB0F234FB3BA009DF2F9 /* Release */ = {
			isa = XCBuildConfiguration;
			baseConfigurationReference = FA043AB513B925CF58102FFB /* Pods-HeyThereTests.release.xcconfig */;
			buildSettings = {
				ALWAYS_EMBED_SWIFT_STANDARD_LIBRARIES = YES;
				BUNDLE_LOADER = "$(TEST_HOST)";
				CODE_SIGN_STYLE = Automatic;
				DEVELOPMENT_TEAM = 3EGKJKCC3E;
				INFOPLIST_FILE = HeyThereTests/Info.plist;
				IPHONEOS_DEPLOYMENT_TARGET = 13.0;
				LD_RUNPATH_SEARCH_PATHS = (
					"$(inherited)",
					"@executable_path/Frameworks",
					"@loader_path/Frameworks",
				);
				PRODUCT_BUNDLE_IDENTIFIER = silvanagarcia.HeyThereTests;
				PRODUCT_NAME = "$(TARGET_NAME)";
				SWIFT_VERSION = 5.0;
				TARGETED_DEVICE_FAMILY = "1,2";
				TEST_HOST = "$(BUILT_PRODUCTS_DIR)/HeyThere.app/HeyThere";
			};
			name = Release;
		};
		B147CB11234FB3BA009DF2F9 /* Debug */ = {
			isa = XCBuildConfiguration;
			baseConfigurationReference = 123ED9AC7B8E3C117554B470 /* Pods-HeyThereUITests.debug.xcconfig */;
			buildSettings = {
				ALWAYS_EMBED_SWIFT_STANDARD_LIBRARIES = YES;
				CODE_SIGN_STYLE = Automatic;
				DEVELOPMENT_TEAM = 3EGKJKCC3E;
				INFOPLIST_FILE = HeyThereUITests/Info.plist;
				LD_RUNPATH_SEARCH_PATHS = (
					"$(inherited)",
					"@executable_path/Frameworks",
					"@loader_path/Frameworks",
				);
				PRODUCT_BUNDLE_IDENTIFIER = silvanagarcia.HeyThereUITests;
				PRODUCT_NAME = "$(TARGET_NAME)";
				SWIFT_VERSION = 5.0;
				TARGETED_DEVICE_FAMILY = "1,2";
				TEST_TARGET_NAME = HeyThere;
			};
			name = Debug;
		};
		B147CB12234FB3BA009DF2F9 /* Release */ = {
			isa = XCBuildConfiguration;
			baseConfigurationReference = 892581FC5367DA91F6AF9852 /* Pods-HeyThereUITests.release.xcconfig */;
			buildSettings = {
				ALWAYS_EMBED_SWIFT_STANDARD_LIBRARIES = YES;
				CODE_SIGN_STYLE = Automatic;
				DEVELOPMENT_TEAM = 3EGKJKCC3E;
				INFOPLIST_FILE = HeyThereUITests/Info.plist;
				LD_RUNPATH_SEARCH_PATHS = (
					"$(inherited)",
					"@executable_path/Frameworks",
					"@loader_path/Frameworks",
				);
				PRODUCT_BUNDLE_IDENTIFIER = silvanagarcia.HeyThereUITests;
				PRODUCT_NAME = "$(TARGET_NAME)";
				SWIFT_VERSION = 5.0;
				TARGETED_DEVICE_FAMILY = "1,2";
				TEST_TARGET_NAME = HeyThere;
			};
			name = Release;
		};
/* End XCBuildConfiguration section */

/* Begin XCConfigurationList section */
		B147CADB234FB3B7009DF2F9 /* Build configuration list for PBXProject "HeyThere" */ = {
			isa = XCConfigurationList;
			buildConfigurations = (
				B147CB08234FB3BA009DF2F9 /* Debug */,
				B147CB09234FB3BA009DF2F9 /* Release */,
			);
			defaultConfigurationIsVisible = 0;
			defaultConfigurationName = Release;
		};
		B147CB0A234FB3BA009DF2F9 /* Build configuration list for PBXNativeTarget "HeyThere" */ = {
			isa = XCConfigurationList;
			buildConfigurations = (
				B147CB0B234FB3BA009DF2F9 /* Debug */,
				B147CB0C234FB3BA009DF2F9 /* Release */,
			);
			defaultConfigurationIsVisible = 0;
			defaultConfigurationName = Release;
		};
		B147CB0D234FB3BA009DF2F9 /* Build configuration list for PBXNativeTarget "HeyThereTests" */ = {
			isa = XCConfigurationList;
			buildConfigurations = (
				B147CB0E234FB3BA009DF2F9 /* Debug */,
				B147CB0F234FB3BA009DF2F9 /* Release */,
			);
			defaultConfigurationIsVisible = 0;
			defaultConfigurationName = Release;
		};
		B147CB10234FB3BA009DF2F9 /* Build configuration list for PBXNativeTarget "HeyThereUITests" */ = {
			isa = XCConfigurationList;
			buildConfigurations = (
				B147CB11234FB3BA009DF2F9 /* Debug */,
				B147CB12234FB3BA009DF2F9 /* Release */,
			);
			defaultConfigurationIsVisible = 0;
			defaultConfigurationName = Release;
		};
/* End XCConfigurationList section */
	};
	rootObject = B147CAD8234FB3B7009DF2F9 /* Project object */;
}
